
Microsoft Visual Studio Solution File, Format Version 12.00
# Visual Studio Version 17
VisualStudioVersion = 17.0.31912.275
MinimumVisualStudioVersion = 10.0.40219.1
Project("{9A19103F-16F7-4668-BE54-9A1E7A4F7556}") = "N_001_Volatile", "N_001_Volatile\N_001_Volatile.csproj", "{3E9CD660-91DF-43CA-8A87-278A0A7DB9B5}"
EndProject
Project("{9A19103F-16F7-4668-BE54-9A1E7A4F7556}") = "N_002_Volatile_StaticMethods", "N_002_Volatile_StaticMethods\N_002_Volatile_StaticMethods.csproj", "{D5786BCB-04D9-4C49-9B76-104BBBA08A8C}"
EndProject
Project("{FAE04EC0-301F-11D3-BF4B-00C04F79EFBC}") = "N_003_ThreadPool", "N_003_ThreadPool\N_003_ThreadPool.csproj", "{7D2F6599-A7DA-4940-8A66-B0654011F242}"
EndProject
Project("{FAE04EC0-301F-11D3-BF4B-00C04F79EFBC}") = "N_004_Mutex", "N_004_Mutex\N_004_Mutex.csproj", "{4564BF26-0B47-4A48-8F18-B84C7CDA10A3}"
EndProject
Project("{FAE04EC0-301F-11D3-BF4B-00C04F79EFBC}") = "N_005_Mutex_Recursion", "N_005_Mutex_Recursion\N_005_Mutex_Recursion.csproj", "{86F284D5-488D-4891-A8BA-FB499C377B1B}"
EndProject
Project("{FAE04EC0-301F-11D3-BF4B-00C04F79EFBC}") = "N_006_Semaphore", "N_006_Semaphore\N_006_Semaphore.csproj", "{5D9E71B2-BF62-4C7B-BBCD-9A2B68F4D279}"
EndProject
Project("{FAE04EC0-301F-11D3-BF4B-00C04F79EFBC}") = "N_007_SemaphoreSlim", "N_007_SemaphoreSlim\N_007_SemaphoreSlim.csproj", "{0B811654-E872-4349-8C89-E0B49EF43BA3}"
EndProject
Project("{FAE04EC0-301F-11D3-BF4B-00C04F79EFBC}") = "N_008_AutoResetEvent", "N_008_AutoResetEvent\N_008_AutoResetEvent.csproj", "{03AC86AA-7B6D-43FF-A121-25B00F30AA45}"
EndProject
Project("{FAE04EC0-301F-11D3-BF4B-00C04F79EFBC}") = "N_009_AutoResetEvent", "N_009_AutoResetEvent\N_009_AutoResetEvent.csproj", "{7AF6F0E0-21EC-4321-ACB6-6C7725DE5E98}"
EndProject
Project("{FAE04EC0-301F-11D3-BF4B-00C04F79EFBC}") = "N_10_ManualResetEvent", "N_10_ManualResetEvent\N_10_ManualResetEvent.csproj", "{41D280BF-346A-4AA0-A2BB-0F8793AE4D80}"
EndProject
Global
	GlobalSection(SolutionConfigurationPlatforms) = preSolution
		Debug|Any CPU = Debug|Any CPU
		Release|Any CPU = Release|Any CPU
	EndGlobalSection
	GlobalSection(ProjectConfigurationPlatforms) = postSolution
		{3E9CD660-91DF-43CA-8A87-278A0A7DB9B5}.Debug|Any CPU.ActiveCfg = Debug|Any CPU
		{3E9CD660-91DF-43CA-8A87-278A0A7DB9B5}.Debug|Any CPU.Build.0 = Debug|Any CPU
		{3E9CD660-91DF-43CA-8A87-278A0A7DB9B5}.Release|Any CPU.ActiveCfg = Release|Any CPU
		{3E9CD660-91DF-43CA-8A87-278A0A7DB9B5}.Release|Any CPU.Build.0 = Release|Any CPU
		{D5786BCB-04D9-4C49-9B76-104BBBA08A8C}.Debug|Any CPU.ActiveCfg = Debug|Any CPU
		{D5786BCB-04D9-4C49-9B76-104BBBA08A8C}.Debug|Any CPU.Build.0 = Debug|Any CPU
		{D5786BCB-04D9-4C49-9B76-104BBBA08A8C}.Release|Any CPU.ActiveCfg = Release|Any CPU
		{D5786BCB-04D9-4C49-9B76-104BBBA08A8C}.Release|Any CPU.Build.0 = Release|Any CPU
		{7D2F6599-A7DA-4940-8A66-B0654011F242}.Debug|Any CPU.ActiveCfg = Debug|Any CPU
		{7D2F6599-A7DA-4940-8A66-B0654011F242}.Debug|Any CPU.Build.0 = Debug|Any CPU
		{7D2F6599-A7DA-4940-8A66-B0654011F242}.Release|Any CPU.ActiveCfg = Release|Any CPU
		{7D2F6599-A7DA-4940-8A66-B0654011F242}.Release|Any CPU.Build.0 = Release|Any CPU
		{4564BF26-0B47-4A48-8F18-B84C7CDA10A3}.Debug|Any CPU.ActiveCfg = Debug|Any CPU
		{4564BF26-0B47-4A48-8F18-B84C7CDA10A3}.Debug|Any CPU.Build.0 = Debug|Any CPU
		{4564BF26-0B47-4A48-8F18-B84C7CDA10A3}.Release|Any CPU.ActiveCfg = Release|Any CPU
		{4564BF26-0B47-4A48-8F18-B84C7CDA10A3}.Release|Any CPU.Build.0 = Release|Any CPU
		{86F284D5-488D-4891-A8BA-FB499C377B1B}.Debug|Any CPU.ActiveCfg = Debug|Any CPU
		{86F284D5-488D-4891-A8BA-FB499C377B1B}.Debug|Any CPU.Build.0 = Debug|Any CPU
		{86F284D5-488D-4891-A8BA-FB499C377B1B}.Release|Any CPU.ActiveCfg = Release|Any CPU
		{86F284D5-488D-4891-A8BA-FB499C377B1B}.Release|Any CPU.Build.0 = Release|Any CPU
		{5D9E71B2-BF62-4C7B-BBCD-9A2B68F4D279}.Debug|Any CPU.ActiveCfg = Debug|Any CPU
		{5D9E71B2-BF62-4C7B-BBCD-9A2B68F4D279}.Debug|Any CPU.Build.0 = Debug|Any CPU
		{5D9E71B2-BF62-4C7B-BBCD-9A2B68F4D279}.Release|Any CPU.ActiveCfg = Release|Any CPU
		{5D9E71B2-BF62-4C7B-BBCD-9A2B68F4D279}.Release|Any CPU.Build.0 = Release|Any CPU
		{0B811654-E872-4349-8C89-E0B49EF43BA3}.Debug|Any CPU.ActiveCfg = Debug|Any CPU
		{0B811654-E872-4349-8C89-E0B49EF43BA3}.Debug|Any CPU.Build.0 = Debug|Any CPU
		{0B811654-E872-4349-8C89-E0B49EF43BA3}.Release|Any CPU.ActiveCfg = Release|Any CPU
		{0B811654-E872-4349-8C89-E0B49EF43BA3}.Release|Any CPU.Build.0 = Release|Any CPU
		{03AC86AA-7B6D-43FF-A121-25B00F30AA45}.Debug|Any CPU.ActiveCfg = Debug|Any CPU
		{03AC86AA-7B6D-43FF-A121-25B00F30AA45}.Debug|Any CPU.Build.0 = Debug|Any CPU
		{03AC86AA-7B6D-43FF-A121-25B00F30AA45}.Release|Any CPU.ActiveCfg = Release|Any CPU
		{03AC86AA-7B6D-43FF-A121-25B00F30AA45}.Release|Any CPU.Build.0 = Release|Any CPU
		{7AF6F0E0-21EC-4321-ACB6-6C7725DE5E98}.Debug|Any CPU.ActiveCfg = Debug|Any CPU
		{7AF6F0E0-21EC-4321-ACB6-6C7725DE5E98}.Debug|Any CPU.Build.0 = Debug|Any CPU
		{7AF6F0E0-21EC-4321-ACB6-6C7725DE5E98}.Release|Any CPU.ActiveCfg = Release|Any CPU
		{7AF6F0E0-21EC-4321-ACB6-6C7725DE5E98}.Release|Any CPU.Build.0 = Release|Any CPU
		{41D280BF-346A-4AA0-A2BB-0F8793AE4D80}.Debug|Any CPU.ActiveCfg = Debug|Any CPU
		{41D280BF-346A-4AA0-A2BB-0F8793AE4D80}.Debug|Any CPU.Build.0 = Debug|Any CPU
		{41D280BF-346A-4AA0-A2BB-0F8793AE4D80}.Release|Any CPU.ActiveCfg = Release|Any CPU
		{41D280BF-346A-4AA0-A2BB-0F8793AE4D80}.Release|Any CPU.Build.0 = Release|Any CPU
	EndGlobalSection
	GlobalSection(SolutionProperties) = preSolution
		HideSolutionNode = FALSE
	EndGlobalSection
	GlobalSection(ExtensibilityGlobals) = postSolution
		SolutionGuid = {164CBE94-D277-4FFB-A803-25A6703E5D5D}
	EndGlobalSection
EndGlobal
